# This file is automatically @generated by Poetry 2.0.0 and should not be changed by hand.

[[package]]
name = "aiofiles"
version = "24.1.0"
description = "File support for asyncio."
optional = false
python-versions = ">=3.8"
groups = ["main"]
files = [
    {file = "aiofiles-24.1.0-py3-none-any.whl", hash = "sha256:b4ec55f4195e3eb5d7abd1bf7e061763e864dd4954231fb8539a0ef8bb8260e5"},
    {file = "aiofiles-24.1.0.tar.gz", hash = "sha256:22a075c9e5a3810f0c2e48f3008c94d68c65d763b9b03857924c99e57355166c"},
]

[metadata]
lock-version = "2.1"
python-versions = ">=3.13"
content-hash = "b1293121e0cdce52f3ebccba4783bf0c11e3e9210d22655dc7d77a9406826da7"
